
Microsoft Visual Studio Solution File, Format Version 12.00
# Visual Studio Version 17
VisualStudioVersion = 17.7.34031.279
MinimumVisualStudioVersion = 10.0.40219.1
Project("{F184B08F-C81C-45F6-A57F-5ABD9991F28F}") = "helperMethods", "helperMethods\helperMethods.vbproj", "{A686F45C-258B-433E-A443-B84FEB03021D}"
EndProject
Global
	GlobalSection(SolutionConfigurationPlatforms) = preSolution
		Debug|Any CPU = Debug|Any CPU
		Release|Any CPU = Release|Any CPU
	EndGlobalSection
	GlobalSection(ProjectConfigurationPlatforms) = postSolution
		{A686F45C-258B-433E-A443-B84FEB03021D}.Debug|Any CPU.ActiveCfg = Debug|Any CPU
		{A686F45C-258B-433E-A443-B84FEB03021D}.Debug|Any CPU.Build.0 = Debug|Any CPU
		{A686F45C-258B-433E-A443-B84FEB03021D}.Release|Any CPU.ActiveCfg = Release|Any CPU
		{A686F45C-258B-433E-A443-B84FEB03021D}.Release|Any CPU.Build.0 = Release|Any CPU
	EndGlobalSection
	GlobalSection(SolutionProperties) = preSolution
		HideSolutionNode = FALSE
	EndGlobalSection
	GlobalSection(ExtensibilityGlobals) = postSolution
		SolutionGuid = {EEAE43C0-7D39-4464-877B-E5EB0AB4E645}
	EndGlobalSection
EndGlobal
